
Microsoft Visual Studio Solution File, Format Version 12.00
# Visual Studio Version 17
VisualStudioVersion = 17.10.34916.146
MinimumVisualStudioVersion = 10.0.40219.1
Project("{FAE04EC0-301F-11D3-BF4B-00C04F79EFBC}") = "Josh Hill - Portfolio", "Josh Hill - Portfolio\Josh Hill - Portfolio.csproj", "{0FC8A088-223C-4ECE-BC1D-156534D26979}"
EndProject
Global
	GlobalSection(SolutionConfigurationPlatforms) = preSolution
		Debug|Any CPU = Debug|Any CPU
		Release|Any CPU = Release|Any CPU
	EndGlobalSection
	GlobalSection(ProjectConfigurationPlatforms) = postSolution
		{0FC8A088-223C-4ECE-BC1D-156534D26979}.Debug|Any CPU.ActiveCfg = Debug|Any CPU
		{0FC8A088-223C-4ECE-BC1D-156534D26979}.Debug|Any CPU.Build.0 = Debug|Any CPU
		{0FC8A088-223C-4ECE-BC1D-156534D26979}.Release|Any CPU.ActiveCfg = Release|Any CPU
		{0FC8A088-223C-4ECE-BC1D-156534D26979}.Release|Any CPU.Build.0 = Release|Any CPU
	EndGlobalSection
	GlobalSection(SolutionProperties) = preSolution
		HideSolutionNode = FALSE
	EndGlobalSection
	GlobalSection(ExtensibilityGlobals) = postSolution
		SolutionGuid = {8CE31553-BF05-426F-8D02-F8F727D05001}
	EndGlobalSection
EndGlobal
